
Microsoft Visual Studio Solution File, Format Version 12.00
# Visual Studio Version 17
VisualStudioVersion = 17.9.34616.47
MinimumVisualStudioVersion = 10.0.40219.1
Project("{9A19103F-16F7-4668-BE54-9A1E7A4F7556}") = "DataInput", "Data\DataInput.csproj", "{46BE8FCF-E28B-4B00-9476-CCCF13BE36F2}"
EndProject
Project("{9A19103F-16F7-4668-BE54-9A1E7A4F7556}") = "UI", "UI\UI.csproj", "{A8C250A9-A61A-4D69-A4EF-9DF9A416C1D5}"
EndProject
Project("{FAE04EC0-301F-11D3-BF4B-00C04F79EFBC}") = "PZEditAvaloniaUI", "PZEditAvaloniaUI\PZEditAvaloniaUI.csproj", "{3DB7B365-ABEE-41D6-958D-49D40CB88FD8}"
EndProject
Global
	GlobalSection(SolutionConfigurationPlatforms) = preSolution
		Debug|Any CPU = Debug|Any CPU
		Release|Any CPU = Release|Any CPU
	EndGlobalSection
	GlobalSection(ProjectConfigurationPlatforms) = postSolution
		{46BE8FCF-E28B-4B00-9476-CCCF13BE36F2}.Debug|Any CPU.ActiveCfg = Debug|Any CPU
		{46BE8FCF-E28B-4B00-9476-CCCF13BE36F2}.Debug|Any CPU.Build.0 = Debug|Any CPU
		{46BE8FCF-E28B-4B00-9476-CCCF13BE36F2}.Release|Any CPU.ActiveCfg = Release|Any CPU
		{46BE8FCF-E28B-4B00-9476-CCCF13BE36F2}.Release|Any CPU.Build.0 = Release|Any CPU
		{A8C250A9-A61A-4D69-A4EF-9DF9A416C1D5}.Debug|Any CPU.ActiveCfg = Debug|Any CPU
		{A8C250A9-A61A-4D69-A4EF-9DF9A416C1D5}.Debug|Any CPU.Build.0 = Debug|Any CPU
		{A8C250A9-A61A-4D69-A4EF-9DF9A416C1D5}.Release|Any CPU.ActiveCfg = Release|Any CPU
		{A8C250A9-A61A-4D69-A4EF-9DF9A416C1D5}.Release|Any CPU.Build.0 = Release|Any CPU
		{3DB7B365-ABEE-41D6-958D-49D40CB88FD8}.Debug|Any CPU.ActiveCfg = Debug|Any CPU
		{3DB7B365-ABEE-41D6-958D-49D40CB88FD8}.Debug|Any CPU.Build.0 = Debug|Any CPU
		{3DB7B365-ABEE-41D6-958D-49D40CB88FD8}.Release|Any CPU.ActiveCfg = Release|Any CPU
		{3DB7B365-ABEE-41D6-958D-49D40CB88FD8}.Release|Any CPU.Build.0 = Release|Any CPU
	EndGlobalSection
	GlobalSection(SolutionProperties) = preSolution
		HideSolutionNode = FALSE
	EndGlobalSection
	GlobalSection(ExtensibilityGlobals) = postSolution
		SolutionGuid = {5D5B39E7-5D38-463E-9A8E-24879F4383D4}
	EndGlobalSection
EndGlobal
